
Microsoft Visual Studio Solution File, Format Version 12.00
# Visual Studio Version 16
VisualStudioVersion = 16.0.31613.86
MinimumVisualStudioVersion = 10.0.40219.1
Project("{9A19103F-16F7-4668-BE54-9A1E7A4F7556}") = "WinFormsApp1", "WinFormsApp1\WinFormsApp1.csproj", "{28896210-D201-42AB-8CF6-F7C445767649}"
EndProject
Global
	GlobalSection(SolutionConfigurationPlatforms) = preSolution
		Debug|Any CPU = Debug|Any CPU
		Release|Any CPU = Release|Any CPU
	EndGlobalSection
	GlobalSection(ProjectConfigurationPlatforms) = postSolution
		{28896210-D201-42AB-8CF6-F7C445767649}.Debug|Any CPU.ActiveCfg = Debug|Any CPU
		{28896210-D201-42AB-8CF6-F7C445767649}.Debug|Any CPU.Build.0 = Debug|Any CPU
		{28896210-D201-42AB-8CF6-F7C445767649}.Release|Any CPU.ActiveCfg = Release|Any CPU
		{28896210-D201-42AB-8CF6-F7C445767649}.Release|Any CPU.Build.0 = Release|Any CPU
	EndGlobalSection
	GlobalSection(SolutionProperties) = preSolution
		HideSolutionNode = FALSE
	EndGlobalSection
	GlobalSection(ExtensibilityGlobals) = postSolution
		SolutionGuid = {361A4B21-8304-4BC6-96BC-8210B6164D7F}
	EndGlobalSection
EndGlobal
